
Microsoft Visual Studio Solution File, Format Version 12.00
# Visual Studio Version 16
VisualStudioVersion = 16.0.30114.105
MinimumVisualStudioVersion = 10.0.40219.1
Project("{FAE04EC0-301F-11D3-BF4B-00C04F79EFBC}") = "NdjsonErrorCollector", "NdjsonErrorCollector\NdjsonErrorCollector.csproj", "{D5AC3A68-24FD-4CB9-B94D-3E42EA499744}"
EndProject
Project("{FAE04EC0-301F-11D3-BF4B-00C04F79EFBC}") = "NdjsonErrorCollector.Tests", "NdjsonErrorCollector.Tests\NdjsonErrorCollector.Tests.csproj", "{B8C761B4-F0EF-4787-9F1D-C6556672FE45}"
EndProject
Global
	GlobalSection(SolutionConfigurationPlatforms) = preSolution
		Debug|Any CPU = Debug|Any CPU
		Debug|x64 = Debug|x64
		Debug|x86 = Debug|x86
		Release|Any CPU = Release|Any CPU
		Release|x64 = Release|x64
		Release|x86 = Release|x86
	EndGlobalSection
	GlobalSection(SolutionProperties) = preSolution
		HideSolutionNode = FALSE
	EndGlobalSection
	GlobalSection(ProjectConfigurationPlatforms) = postSolution
		{D5AC3A68-24FD-4CB9-B94D-3E42EA499744}.Debug|Any CPU.ActiveCfg = Debug|Any CPU
		{D5AC3A68-24FD-4CB9-B94D-3E42EA499744}.Debug|Any CPU.Build.0 = Debug|Any CPU
		{D5AC3A68-24FD-4CB9-B94D-3E42EA499744}.Debug|x64.ActiveCfg = Debug|Any CPU
		{D5AC3A68-24FD-4CB9-B94D-3E42EA499744}.Debug|x64.Build.0 = Debug|Any CPU
		{D5AC3A68-24FD-4CB9-B94D-3E42EA499744}.Debug|x86.ActiveCfg = Debug|Any CPU
		{D5AC3A68-24FD-4CB9-B94D-3E42EA499744}.Debug|x86.Build.0 = Debug|Any CPU
		{D5AC3A68-24FD-4CB9-B94D-3E42EA499744}.Release|Any CPU.ActiveCfg = Release|Any CPU
		{D5AC3A68-24FD-4CB9-B94D-3E42EA499744}.Release|Any CPU.Build.0 = Release|Any CPU
		{D5AC3A68-24FD-4CB9-B94D-3E42EA499744}.Release|x64.ActiveCfg = Release|Any CPU
		{D5AC3A68-24FD-4CB9-B94D-3E42EA499744}.Release|x64.Build.0 = Release|Any CPU
		{D5AC3A68-24FD-4CB9-B94D-3E42EA499744}.Release|x86.ActiveCfg = Release|Any CPU
		{D5AC3A68-24FD-4CB9-B94D-3E42EA499744}.Release|x86.Build.0 = Release|Any CPU
		{B8C761B4-F0EF-4787-9F1D-C6556672FE45}.Debug|Any CPU.ActiveCfg = Debug|Any CPU
		{B8C761B4-F0EF-4787-9F1D-C6556672FE45}.Debug|Any CPU.Build.0 = Debug|Any CPU
		{B8C761B4-F0EF-4787-9F1D-C6556672FE45}.Debug|x64.ActiveCfg = Debug|Any CPU
		{B8C761B4-F0EF-4787-9F1D-C6556672FE45}.Debug|x64.Build.0 = Debug|Any CPU
		{B8C761B4-F0EF-4787-9F1D-C6556672FE45}.Debug|x86.ActiveCfg = Debug|Any CPU
		{B8C761B4-F0EF-4787-9F1D-C6556672FE45}.Debug|x86.Build.0 = Debug|Any CPU
		{B8C761B4-F0EF-4787-9F1D-C6556672FE45}.Release|Any CPU.ActiveCfg = Release|Any CPU
		{B8C761B4-F0EF-4787-9F1D-C6556672FE45}.Release|Any CPU.Build.0 = Release|Any CPU
		{B8C761B4-F0EF-4787-9F1D-C6556672FE45}.Release|x64.ActiveCfg = Release|Any CPU
		{B8C761B4-F0EF-4787-9F1D-C6556672FE45}.Release|x64.Build.0 = Release|Any CPU
		{B8C761B4-F0EF-4787-9F1D-C6556672FE45}.Release|x86.ActiveCfg = Release|Any CPU
		{B8C761B4-F0EF-4787-9F1D-C6556672FE45}.Release|x86.Build.0 = Release|Any CPU
	EndGlobalSection
EndGlobal
